{
  "name": "AlpheiosEnhancedTexts",
  "version": "1.0.0",
  "lockfileVersion": 1,
  "requires": true,
  "dependencies": {
    "alpheios-components": {
      "version": "github:alpheios-project/components#c92ba9d38534e9ac6bb21f141ea9a62aeb116b73",
      "from": "github:alpheios-project/components"
    },
    "alpheios-embedded": {
      "version": "github:alpheios-project/embed-lib#5fecb92af041a67a3cfbf52b3b580e66f9724dc0",
      "from": "github:alpheios-project/embed-lib"
    }
  }
}
