{
  "name": "AlpheiosEnhancedTexts",
  "version": "1.0.0",
  "lockfileVersion": 1,
  "requires": true,
  "dependencies": {
    "alpheios-components": {
      "version": "1.2.45",
      "resolved": "github:alpheios-project/components#e43cf3ce930921a1ef7c95f7018cda3ed85962d3"
    },
    "alpheios-embedded": {
      "version": "3.0.0-rc.2",
      "resolved": "https://registry.npmjs.org/alpheios-embedded/-/alpheios-embedded-3.0.0-rc.2.tgz",
      "integrity": "sha512-DSBuXIZwPVBTo70EnJ+0lAn8wcvLD7BgurxGUzIfMOsf05JmMdpiTcrjtMNIE9cX6brjVs3+lOQSqABobGSqow=="
    }
  }
}
